
Microsoft Visual Studio Solution File, Format Version 12.00
# Visual Studio Version 16
VisualStudioVersion = 16.0.32901.82
MinimumVisualStudioVersion = 10.0.40219.1
Project("{FAE04EC0-301F-11D3-BF4B-00C04F79EFBC}") = "Rent Management App", "Rent Management App\Rent Management App.csproj", "{A7B33F0A-AD79-4CBD-80F1-D8E18B3E0EBA}"
EndProject
Global
	GlobalSection(SolutionConfigurationPlatforms) = preSolution
		Debug|Any CPU = Debug|Any CPU
		Release|Any CPU = Release|Any CPU
	EndGlobalSection
	GlobalSection(ProjectConfigurationPlatforms) = postSolution
		{A7B33F0A-AD79-4CBD-80F1-D8E18B3E0EBA}.Debug|Any CPU.ActiveCfg = Debug|Any CPU
		{A7B33F0A-AD79-4CBD-80F1-D8E18B3E0EBA}.Debug|Any CPU.Build.0 = Debug|Any CPU
		{A7B33F0A-AD79-4CBD-80F1-D8E18B3E0EBA}.Release|Any CPU.ActiveCfg = Release|Any CPU
		{A7B33F0A-AD79-4CBD-80F1-D8E18B3E0EBA}.Release|Any CPU.Build.0 = Release|Any CPU
	EndGlobalSection
	GlobalSection(SolutionProperties) = preSolution
		HideSolutionNode = FALSE
	EndGlobalSection
	GlobalSection(ExtensibilityGlobals) = postSolution
		SolutionGuid = {25789E96-3150-471A-85B9-9218B969EDE4}
	EndGlobalSection
EndGlobal
